
Microsoft Visual Studio Solution File, Format Version 12.00
# Visual Studio Version 17
VisualStudioVersion = 17.3.32922.545
MinimumVisualStudioVersion = 10.0.40219.1
Project("{FAE04EC0-301F-11D3-BF4B-00C04F79EFBC}") = "Zad_1a", "Zad_1a\Zad_1a.csproj", "{10BD151D-8CB1-440B-97FA-4125AC788427}"
EndProject
Project("{FAE04EC0-301F-11D3-BF4B-00C04F79EFBC}") = "Zad_3", "Zad_3\Zad_3.csproj", "{53D6404E-A663-4D7C-8261-BFF129C1C94A}"
EndProject
Global
	GlobalSection(SolutionConfigurationPlatforms) = preSolution
		Debug|Any CPU = Debug|Any CPU
		Release|Any CPU = Release|Any CPU
	EndGlobalSection
	GlobalSection(ProjectConfigurationPlatforms) = postSolution
		{10BD151D-8CB1-440B-97FA-4125AC788427}.Debug|Any CPU.ActiveCfg = Debug|Any CPU
		{10BD151D-8CB1-440B-97FA-4125AC788427}.Debug|Any CPU.Build.0 = Debug|Any CPU
		{10BD151D-8CB1-440B-97FA-4125AC788427}.Release|Any CPU.ActiveCfg = Release|Any CPU
		{10BD151D-8CB1-440B-97FA-4125AC788427}.Release|Any CPU.Build.0 = Release|Any CPU
		{53D6404E-A663-4D7C-8261-BFF129C1C94A}.Debug|Any CPU.ActiveCfg = Debug|Any CPU
		{53D6404E-A663-4D7C-8261-BFF129C1C94A}.Debug|Any CPU.Build.0 = Debug|Any CPU
		{53D6404E-A663-4D7C-8261-BFF129C1C94A}.Release|Any CPU.ActiveCfg = Release|Any CPU
		{53D6404E-A663-4D7C-8261-BFF129C1C94A}.Release|Any CPU.Build.0 = Release|Any CPU
	EndGlobalSection
	GlobalSection(SolutionProperties) = preSolution
		HideSolutionNode = FALSE
	EndGlobalSection
	GlobalSection(ExtensibilityGlobals) = postSolution
		SolutionGuid = {7EA5A10F-EB1B-4156-9664-E2670D43536C}
	EndGlobalSection
EndGlobal
